PODS:
  - FlutterMacOS (1.0.0)
  - sifli_ezip (0.0.1):
    - FlutterMacOS

DEPENDENCIES:
  - FlutterMacOS (from `Flutter/ephemeral`)
  - sifli_ezip (from `Flutter/ephemeral/.symlinks/plugins/sifli_ezip/macos`)

EXTERNAL SOURCES:
  FlutterMacOS:
    :path: Flutter/ephemeral
  sifli_ezip:
    :path: Flutter/ephemeral/.symlinks/plugins/sifli_ezip/macos

SPEC CHECKSUMS:
  FlutterMacOS: d0db08ddef1a9af05a5ec4b724367152bb0500b1
  sifli_ezip: 08f65199e284eddb342fe749195af31b647d04ca

PODFILE CHECKSUM: 54d867c82ac51cbd61b565781b9fada492027009

COCOAPODS: 1.16.2
